{
  "object": {
    "pins": [
      {
        "package": "Combinative",
        "repositoryURL": "git@github.com:noppefoxwolf/Combinative.git",
        "state": {
          "branch": "master",
          "revision": "23346c1eb303ddb778bfea92c9d84087acf24cb2",
          "version": null
        }
      }
    ]
  },
  "version": 1
}
